// !$*UTF8*$!
{
	archiveVersion = 1;
	classes = {
	};
	objectVersion = 55;
	objects = {

/* Begin PBXBuildFile section */
		697546A7FB158C383F9E5F2E /* Pods_CocoaPods.framework in Frameworks */ = {isa = PBXBuildFile; fileRef = 10F37E4B52C300F4C29BDD6D /* Pods_CocoaPods.framework */; };
		FA51C85F28B64DAF00F7FD3E /* AppDelegate.swift in Sources */ = {isa = PBXBuildFile; fileRef = FA51C85E28B64DAF00F7FD3E /* AppDelegate.swift */; };
		FA51C86128B64DAF00F7FD3E /* SceneDelegate.swift in Sources */ = {isa = PBXBuildFile; fileRef = FA51C86028B64DAF00F7FD3E /* SceneDelegate.swift */; };
		FA51C86328B64DAF00F7FD3E /* ViewController.swift in Sources */ = {isa = PBXBuildFile; fileRef = FA51C86228B64DAF00F7FD3E /* ViewController.swift */; };
		FA51C86628B64DAF00F7FD3E /* Main.storyboard in Resources */ = {isa = PBXBuildFile; fileRef = FA51C86428B64DAF00F7FD3E /* Main.storyboard */; };
		FA51C86828B64DBC00F7FD3E /* Assets.xcassets in Resources */ = {isa = PBXBuildFile; fileRef = FA51C86728B64DBC00F7FD3E /* Assets.xcassets */; };
		FA51C86B28B64DBC00F7FD3E /* LaunchScreen.storyboard in Resources */ = {isa = PBXBuildFile; fileRef = FA51C86928B64DBC00F7FD3E /* LaunchScreen.storyboard */; };
		FA51C87328B6C59300F7FD3E /* SecondViewController.swift in Sources */ = {isa = PBXBuildFile; fileRef = FA51C87228B6C59300F7FD3E /* SecondViewController.swift */; };
/* End PBXBuildFile section */

/* Begin PBXFileReference section */
		10F37E4B52C300F4C29BDD6D /* Pods_CocoaPods.framework */ = {isa = PBXFileReference; explicitFileType = wrapper.framework; includeInIndex = 0; path = Pods_CocoaPods.framework; sourceTree = BUILT_PRODUCTS_DIR; };
		59D4300185BF2E59BA9BAE9D /* Pods-CocoaPods.release.xcconfig */ = {isa = PBXFileReference; includeInIndex = 1; lastKnownFileType = text.xcconfig; name = "Pods-CocoaPods.release.xcconfig"; path = "Target Support Files/Pods-CocoaPods/Pods-CocoaPods.release.xcconfig"; sourceTree = "<group>"; };
		9707C8FD530B9052F22CECFB /* Pods-CocoaPods.debug.xcconfig */ = {isa = PBXFileReference; includeInIndex = 1; lastKnownFileType = text.xcconfig; name = "Pods-CocoaPods.debug.xcconfig"; path = "Target Support Files/Pods-CocoaPods/Pods-CocoaPods.debug.xcconfig"; sourceTree = "<group>"; };
		FA51C85B28B64DAF00F7FD3E /* CocoaPods.app */ = {isa = PBXFileReference; explicitFileType = wrapper.application; includeInIndex = 0; path = CocoaPods.app; sourceTree = BUILT_PRODUCTS_DIR; };
		FA51C85E28B64DAF00F7FD3E /* AppDelegate.swift */ = {isa = PBXFileReference; lastKnownFileType = sourcecode.swift; path = AppDelegate.swift; sourceTree = "<group>"; };
		FA51C86028B64DAF00F7FD3E /* SceneDelegate.swift */ = {isa = PBXFileReference; lastKnownFileType = sourcecode.swift; path = SceneDelegate.swift; sourceTree = "<group>"; };
		FA51C86228B64DAF00F7FD3E /* ViewController.swift */ = {isa = PBXFileReference; lastKnownFileType = sourcecode.swift; path = ViewController.swift; sourceTree = "<group>"; };
		FA51C86528B64DAF00F7FD3E /* Base */ = {isa = PBXFileReference; lastKnownFileType = file.storyboard; name = Base; path = Base.lproj/Main.storyboard; sourceTree = "<group>"; };
		FA51C86728B64DBC00F7FD3E /* Assets.xcassets */ = {isa = PBXFileReference; lastKnownFileType = folder.assetcatalog; path = Assets.xcassets; sourceTree = "<group>"; };
		FA51C86A28B64DBC00F7FD3E /* Base */ = {isa = PBXFileReference; lastKnownFileType = file.storyboard; name = Base; path = Base.lproj/LaunchScreen.storyboard; sourceTree = "<group>"; };
		FA51C86C28B64DBC00F7FD3E /* Info.plist */ = {isa = PBXFileReference; lastKnownFileType = text.plist.xml; path = Info.plist; sourceTree = "<group>"; };
		FA51C87228B6C59300F7FD3E /* SecondViewController.swift */ = {isa = PBXFileReference; lastKnownFileType = sourcecode.swift; path = SecondViewController.swift; sourceTree = "<group>"; };
/* End PBXFileReference section */

/* Begin PBXFrameworksBuildPhase section */
		FA51C85828B64DAF00F7FD3E /* Frameworks */ = {
			isa = PBXFrameworksBuildPhase;
			buildActionMask = 2147483647;
			files = (
				697546A7FB158C383F9E5F2E /* Pods_CocoaPods.framework in Frameworks */,
			);
			runOnlyForDeploymentPostprocessing = 0;
		};
/* End PBXFrameworksBuildPhase section */

/* Begin PBXGroup section */
		427B9E9A0226CF7C5BB7F8D2 /* Pods */ = {
			isa = PBXGroup;
			children = (
				9707C8FD530B9052F22CECFB /* Pods-CocoaPods.debug.xcconfig */,
				59D4300185BF2E59BA9BAE9D /* Pods-CocoaPods.release.xcconfig */,
			);
			path = Pods;
			sourceTree = "<group>";
		};
		DEB085494FB42B06F3B80691 /* Frameworks */ = {
			isa = PBXGroup;
			children = (
				10F37E4B52C300F4C29BDD6D /* Pods_CocoaPods.framework */,
			);
			name = Frameworks;
			sourceTree = "<group>";
		};
		FA51C85228B64DAF00F7FD3E = {
			isa = PBXGroup;
			children = (
				FA51C85D28B64DAF00F7FD3E /* CocoaPods */,
				FA51C85C28B64DAF00F7FD3E /* Products */,
				427B9E9A0226CF7C5BB7F8D2 /* Pods */,
				DEB085494FB42B06F3B80691 /* Frameworks */,
			);
			sourceTree = "<group>";
		};
		FA51C85C28B64DAF00F7FD3E /* Products */ = {
			isa = PBXGroup;
			children = (
				FA51C85B28B64DAF00F7FD3E /* CocoaPods.app */,
			);
			name = Products;
			sourceTree = "<group>";
		};
		FA51C85D28B64DAF00F7FD3E /* CocoaPods */ = {
			isa = PBXGroup;
			children = (
				FA51C85E28B64DAF00F7FD3E /* AppDelegate.swift */,
				FA51C86028B64DAF00F7FD3E /* SceneDelegate.swift */,
				FA51C86228B64DAF00F7FD3E /* ViewController.swift */,
				FA51C87228B6C59300F7FD3E /* SecondViewController.swift */,
				FA51C86428B64DAF00F7FD3E /* Main.storyboard */,
				FA51C86728B64DBC00F7FD3E /* Assets.xcassets */,
				FA51C86928B64DBC00F7FD3E /* LaunchScreen.storyboard */,
				FA51C86C28B64DBC00F7FD3E /* Info.plist */,
			);
			path = CocoaPods;
			sourceTree = "<group>";
		};
/* End PBXGroup section */

/* Begin PBXNativeTarget section */
		FA51C85A28B64DAF00F7FD3E /* CocoaPods */ = {
			isa = PBXNativeTarget;
			buildConfigurationList = FA51C86F28B64DBC00F7FD3E /* Build configuration list for PBXNativeTarget "CocoaPods" */;
			buildPhases = (
				D4F0C4E7E9266EDD83BC685E /* [CP] Check Pods Manifest.lock */,
				FA51C85728B64DAF00F7FD3E /* Sources */,
				FA51C85828B64DAF00F7FD3E /* Frameworks */,
				FA51C85928B64DAF00F7FD3E /* Resources */,
				0CAD31130D6D2892552F682E /* [CP] Embed Pods Frameworks */,
			);
			buildRules = (
			);
			dependencies = (
			);
			name = CocoaPods;
			productName = CocoaPods;
			productReference = FA51C85B28B64DAF00F7FD3E /* CocoaPods.app */;
			productType = "com.apple.product-type.application";
		};
/* End PBXNativeTarget section */

/* Begin PBXProject section */
		FA51C85328B64DAF00F7FD3E /* Project object */ = {
			isa = PBXProject;
			attributes = {
				BuildIndependentTargetsInParallel = 1;
				LastSwiftUpdateCheck = 1340;
				LastUpgradeCheck = 1340;
				TargetAttributes = {
					FA51C85A28B64DAF00F7FD3E = {
						CreatedOnToolsVersion = 13.4.1;
					};
				};
			};
			buildConfigurationList = FA51C85628B64DAF00F7FD3E /* Build configuration list for PBXProject "CocoaPods" */;
			compatibilityVersion = "Xcode 13.0";
			developmentRegion = en;
			hasScannedForEncodings = 0;
			knownRegions = (
				en,
				Base,
			);
			mainGroup = FA51C85228B64DAF00F7FD3E;
			productRefGroup = FA51C85C28B64DAF00F7FD3E /* Products */;
			projectDirPath = "";
			projectRoot = "";
			targets = (
				FA51C85A28B64DAF00F7FD3E /* CocoaPods */,
			);
		};
/* End PBXProject section */

/* Begin PBXResourcesBuildPhase section */
		FA51C85928B64DAF00F7FD3E /* Resources */ = {
			isa = PBXResourcesBuildPhase;
			buildActionMask = 2147483647;
			files = (
				FA51C86B28B64DBC00F7FD3E /* LaunchScreen.storyboard in Resources */,
				FA51C86828B64DBC00F7FD3E /* Assets.xcassets in Resources */,
				FA51C86628B64DAF00F7FD3E /* Main.storyboard in Resources */,
			);
			runOnlyForDeploymentPostprocessing = 0;
		};
/* End PBXResourcesBuildPhase section */

/* Begin PBXShellScriptBuildPhase section */
		0CAD31130D6D2892552F682E /* [CP] Embed Pods Frameworks */ = {
			isa = PBXShellScriptBuildPhase;
			buildActionMask = 2147483647;
			files = (
			);
			inputFileListPaths = (
				"${PODS_ROOT}/Target Support Files/Pods-CocoaPods/Pods-CocoaPods-frameworks-${CONFIGURATION}-input-files.xcfilelist",
			);
			name = "[CP] Embed Pods Frameworks";
			outputFileListPaths = (
				"${PODS_ROOT}/Target Support Files/Pods-CocoaPods/Pods-CocoaPods-frameworks-${CONFIGURATION}-output-files.xcfilelist",
			);
			runOnlyForDeploymentPostprocessing = 0;
			shellPath = /bin/sh;
			shellScript = "\"${PODS_ROOT}/Target Support Files/Pods-CocoaPods/Pods-CocoaPods-frameworks.sh\"\n";
			showEnvVarsInLog = 0;
		};
		D4F0C4E7E9266EDD83BC685E /* [CP] Check Pods Manifest.lock */ = {
			isa = PBXShellScriptBuildPhase;
			buildActionMask = 2147483647;
			files = (
			);
			inputFileListPaths = (
			);
			inputPaths = (
				"${PODS_PODFILE_DIR_PATH}/Podfile.lock",
				"${PODS_ROOT}/Manifest.lock",
			);
			name = "[CP] Check Pods Manifest.lock";
			outputFileListPaths = (
			);
			outputPaths = (
				"$(DERIVED_FILE_DIR)/Pods-CocoaPods-checkManifestLockResult.txt",
			);
			runOnlyForDeploymentPostprocessing = 0;
			shellPath = /bin/sh;
			shellScript = "diff \"${PODS_PODFILE_DIR_PATH}/Podfile.lock\" \"${PODS_ROOT}/Manifest.lock\" > /dev/null\nif [ $? != 0 ] ; then\n    # print error to STDERR\n    echo \"error: The sandbox is not in sync with the Podfile.lock. Run 'pod install' or update your CocoaPods installation.\" >&2\n    exit 1\nfi\n# This output is used by Xcode 'outputs' to avoid re-running this script phase.\necho \"SUCCESS\" > \"${SCRIPT_OUTPUT_FILE_0}\"\n";
			showEnvVarsInLog = 0;
		};
/* End PBXShellScriptBuildPhase section */

/* Begin PBXSourcesBuildPhase section */
		FA51C85728B64DAF00F7FD3E /* Sources */ = {
			isa = PBXSourcesBuildPhase;
			buildActionMask = 2147483647;
			files = (
				FA51C87328B6C59300F7FD3E /* SecondViewController.swift in Sources */,
				FA51C86328B64DAF00F7FD3E /* ViewController.swift in Sources */,
				FA51C85F28B64DAF00F7FD3E /* AppDelegate.swift in Sources */,
				FA51C86128B64DAF00F7FD3E /* SceneDelegate.swift in Sources */,
			);
			runOnlyForDeploymentPostprocessing = 0;
		};
/* End PBXSourcesBuildPhase section */

/* Begin PBXVariantGroup section */
		FA51C86428B64DAF00F7FD3E /* Main.storyboard */ = {
			isa = PBXVariantGroup;
			children = (
				FA51C86528B64DAF00F7FD3E /* Base */,
			);
			name = Main.storyboard;
			sourceTree = "<group>";
		};
		FA51C86928B64DBC00F7FD3E /* LaunchScreen.storyboard */ = {
			isa = PBXVariantGroup;
			children = (
				FA51C86A28B64DBC00F7FD3E /* Base */,
			);
			name = LaunchScreen.storyboard;
			sourceTree = "<group>";
		};
/* End PBXVariantGroup section */

/* Begin XCBuildConfiguration section */
		FA51C86D28B64DBC00F7FD3E /* Debug */ = {
			isa = XCBuildConfiguration;
			buildSettings = {
				ALWAYS_SEARCH_USER_PATHS = NO;
				CLANG_ANALYZER_NONNULL = YES;
				CLANG_ANALYZER_NUMBER_OBJECT_CONVERSION = YES_AGGRESSIVE;
				CLANG_CXX_LANGUAGE_STANDARD = "gnu++17";
				CLANG_ENABLE_MODULES = YES;
				CLANG_ENABLE_OBJC_ARC = YES;
				CLANG_ENABLE_OBJC_WEAK = YES;
				CLANG_WARN_BLOCK_CAPTURE_AUTORELEASING = YES;
				CLANG_WARN_BOOL_CONVERSION = YES;
				CLANG_WARN_COMMA = YES;
				CLANG_WARN_CONSTANT_CONVERSION = YES;
				CLANG_WARN_DEPRECATED_OBJC_IMPLEMENTATIONS = YES;
				CLANG_WARN_DIRECT_OBJC_ISA_USAGE = YES_ERROR;
				CLANG_WARN_DOCUMENTATION_COMMENTS = YES;
				CLANG_WARN_EMPTY_BODY = YES;
				CLANG_WARN_ENUM_CONVERSION = YES;
				CLANG_WARN_INFINITE_RECURSION = YES;
				CLANG_WARN_INT_CONVERSION = YES;
				CLANG_WARN_NON_LITERAL_NULL_CONVERSION = YES;
				CLANG_WARN_OBJC_IMPLICIT_RETAIN_SELF = YES;
				CLANG_WARN_OBJC_LITERAL_CONVERSION = YES;
				CLANG_WARN_OBJC_ROOT_CLASS = YES_ERROR;
				CLANG_WARN_QUOTED_INCLUDE_IN_FRAMEWORK_HEADER = YES;
				CLANG_WARN_RANGE_LOOP_ANALYSIS = YES;
				CLANG_WARN_STRICT_PROTOTYPES = YES;
				CLANG_WARN_SUSPICIOUS_MOVE = YES;
				CLANG_WARN_UNGUARDED_AVAILABILITY = YES_AGGRESSIVE;
				CLANG_WARN_UNREACHABLE_CODE = YES;
				CLANG_WARN__DUPLICATE_METHOD_MATCH = YES;
				COPY_PHASE_STRIP = NO;
				DEBUG_INFORMATION_FORMAT = dwarf;
				ENABLE_STRICT_OBJC_MSGSEND = YES;
				ENABLE_TESTABILITY = YES;
				GCC_C_LANGUAGE_STANDARD = gnu11;
				GCC_DYNAMIC_NO_PIC = NO;
				GCC_NO_COMMON_BLOCKS = YES;
				GCC_OPTIMIZATION_LEVEL = 0;
				GCC_PREPROCESSOR_DEFINITIONS = (
					"DEBUG=1",
					"$(inherited)",
				);
				GCC_WARN_64_TO_32_BIT_CONVERSION = YES;
				GCC_WARN_ABOUT_RETURN_TYPE = YES_ERROR;
				GCC_WARN_UNDECLARED_SELECTOR = YES;
				GCC_WARN_UNINITIALIZED_AUTOS = YES_AGGRESSIVE;
				GCC_WARN_UNUSED_FUNCTION = YES;
				GCC_WARN_UNUSED_VARIABLE = YES;
				IPHONEOS_DEPLOYMENT_TARGET = 15.5;
				MTL_ENABLE_DEBUG_INFO = INCLUDE_SOURCE;
				MTL_FAST_MATH = YES;
				ONLY_ACTIVE_ARCH = YES;
				SDKROOT = iphoneos;
				SWIFT_ACTIVE_COMPILATION_CONDITIONS = DEBUG;
				SWIFT_OPTIMIZATION_LEVEL = "-Onone";
			};
			name = Debug;
		};
		FA51C86E28B64DBC00F7FD3E /* Release */ = {
			isa = XCBuildConfiguration;
			buildSettings = {
				ALWAYS_SEARCH_USER_PATHS = NO;
				CLANG_ANALYZER_NONNULL = YES;
				CLANG_ANALYZER_NUMBER_OBJECT_CONVERSION = YES_AGGRESSIVE;
				CLANG_CXX_LANGUAGE_STANDARD = "gnu++17";
				CLANG_ENABLE_MODULES = YES;
				CLANG_ENABLE_OBJC_ARC = YES;
				CLANG_ENABLE_OBJC_WEAK = YES;
				CLANG_WARN_BLOCK_CAPTURE_AUTORELEASING = YES;
				CLANG_WARN_BOOL_CONVERSION = YES;
				CLANG_WARN_COMMA = YES;
				CLANG_WARN_CONSTANT_CONVERSION = YES;
				CLANG_WARN_DEPRECATED_OBJC_IMPLEMENTATIONS = YES;
				CLANG_WARN_DIRECT_OBJC_ISA_USAGE = YES_ERROR;
				CLANG_WARN_DOCUMENTATION_COMMENTS = YES;
				CLANG_WARN_EMPTY_BODY = YES;
				CLANG_WARN_ENUM_CONVERSION = YES;
				CLANG_WARN_INFINITE_RECURSION = YES;
				CLANG_WARN_INT_CONVERSION = YES;
				CLANG_WARN_NON_LITERAL_NULL_CONVERSION = YES;
				CLANG_WARN_OBJC_IMPLICIT_RETAIN_SELF = YES;
				CLANG_WARN_OBJC_LITERAL_CONVERSION = YES;
				CLANG_WARN_OBJC_ROOT_CLASS = YES_ERROR;
				CLANG_WARN_QUOTED_INCLUDE_IN_FRAMEWORK_HEADER = YES;
				CLANG_WARN_RANGE_LOOP_ANALYSIS = YES;
				CLANG_WARN_STRICT_PROTOTYPES = YES;
				CLANG_WARN_SUSPICIOUS_MOVE = YES;
				CLANG_WARN_UNGUARDED_AVAILABILITY = YES_AGGRESSIVE;
				CLANG_WARN_UNREACHABLE_CODE = YES;
				CLANG_WARN__DUPLICATE_METHOD_MATCH = YES;
				COPY_PHASE_STRIP = NO;
				DEBUG_INFORMATION_FORMAT = "dwarf-with-dsym";
				ENABLE_NS_ASSERTIONS = NO;
				ENABLE_STRICT_OBJC_MSGSEND = YES;
				GCC_C_LANGUAGE_STANDARD = gnu11;
				GCC_NO_COMMON_BLOCKS = YES;
				GCC_WARN_64_TO_32_BIT_CONVERSION = YES;
				GCC_WARN_ABOUT_RETURN_TYPE = YES_ERROR;
				GCC_WARN_UNDECLARED_SELECTOR = YES;
				GCC_WARN_UNINITIALIZED_AUTOS = YES_AGGRESSIVE;
				GCC_WARN_UNUSED_FUNCTION = YES;
				GCC_WARN_UNUSED_VARIABLE = YES;
				IPHONEOS_DEPLOYMENT_TARGET = 15.5;
				MTL_ENABLE_DEBUG_INFO = NO;
				MTL_FAST_MATH = YES;
				SDKROOT = iphoneos;
				SWIFT_COMPILATION_MODE = wholemodule;
				SWIFT_OPTIMIZATION_LEVEL = "-O";
				VALIDATE_PRODUCT = YES;
			};
			name = Release;
		};
		FA51C87028B64DBC00F7FD3E /* Debug */ = {
			isa = XCBuildConfiguration;
			baseConfigurationReference = 9707C8FD530B9052F22CECFB /* Pods-CocoaPods.debug.xcconfig */;
			buildSettings = {
				ASSETCATALOG_COMPILER_APPICON_NAME = AppIcon;
				ASSETCATALOG_COMPILER_GLOBAL_ACCENT_COLOR_NAME = AccentColor;
				CODE_SIGN_STYLE = Automatic;
				CURRENT_PROJECT_VERSION = 1;
				DEVELOPMENT_TEAM = GB2X8AGGNF;
				GENERATE_INFOPLIST_FILE = YES;
				INFOPLIST_FILE = CocoaPods/Info.plist;
				INFOPLIST_KEY_UIApplicationSupportsIndirectInputEvents = YES;
				INFOPLIST_KEY_UILaunchStoryboardName = LaunchScreen;
				INFOPLIST_KEY_UIMainStoryboardFile = Main;
				INFOPLIST_KEY_UISupportedInterfaceOrientations_iPad = "UIInterfaceOrientationPortrait UIInterfaceOrientationPortraitUpsideDown UIInterfaceOrientationLandscapeLeft UIInterfaceOrientationLandscapeRight";
				INFOPLIST_KEY_UISupportedInterfaceOrientations_iPhone = "UIInterfaceOrientationPortrait UIInterfaceOrientationLandscapeLeft UIInterfaceOrientationLandscapeRight";
				LD_RUNPATH_SEARCH_PATHS = (
					"$(inherited)",
					"@executable_path/Frameworks",
				);
				MARKETING_VERSION = 1.0;
				PRODUCT_BUNDLE_IDENTIFIER = "mr.---N---.CocoaPods";
				PRODUCT_NAME = "$(TARGET_NAME)";
				SWIFT_EMIT_LOC_STRINGS = YES;
				SWIFT_VERSION = 5.0;
				TARGETED_DEVICE_FAMILY = "1,2";
			};
			name = Debug;
		};
		FA51C87128B64DBC00F7FD3E /* Release */ = {
			isa = XCBuildConfiguration;
			baseConfigurationReference = 59D4300185BF2E59BA9BAE9D /* Pods-CocoaPods.release.xcconfig */;
			buildSettings = {
				ASSETCATALOG_COMPILER_APPICON_NAME = AppIcon;
				ASSETCATALOG_COMPILER_GLOBAL_ACCENT_COLOR_NAME = AccentColor;
				CODE_SIGN_STYLE = Automatic;
				CURRENT_PROJECT_VERSION = 1;
				DEVELOPMENT_TEAM = GB2X8AGGNF;
				GENERATE_INFOPLIST_FILE = YES;
				INFOPLIST_FILE = CocoaPods/Info.plist;
				INFOPLIST_KEY_UIApplicationSupportsIndirectInputEvents = YES;
				INFOPLIST_KEY_UILaunchStoryboardName = LaunchScreen;
				INFOPLIST_KEY_UIMainStoryboardFile = Main;
				INFOPLIST_KEY_UISupportedInterfaceOrientations_iPad = "UIInterfaceOrientationPortrait UIInterfaceOrientationPortraitUpsideDown UIInterfaceOrientationLandscapeLeft UIInterfaceOrientationLandscapeRight";
				INFOPLIST_KEY_UISupportedInterfaceOrientations_iPhone = "UIInterfaceOrientationPortrait UIInterfaceOrientationLandscapeLeft UIInterfaceOrientationLandscapeRight";
				LD_RUNPATH_SEARCH_PATHS = (
					"$(inherited)",
					"@executable_path/Frameworks",
				);
				MARKETING_VERSION = 1.0;
				PRODUCT_BUNDLE_IDENTIFIER = "mr.---N---.CocoaPods";
				PRODUCT_NAME = "$(TARGET_NAME)";
				SWIFT_EMIT_LOC_STRINGS = YES;
				SWIFT_VERSION = 5.0;
				TARGETED_DEVICE_FAMILY = "1,2";
			};
			name = Release;
		};
/* End XCBuildConfiguration section */

/* Begin XCConfigurationList section */
		FA51C85628B64DAF00F7FD3E /* Build configuration list for PBXProject "CocoaPods" */ = {
			isa = XCConfigurationList;
			buildConfigurations = (
				FA51C86D28B64DBC00F7FD3E /* Debug */,
				FA51C86E28B64DBC00F7FD3E /* Release */,
			);
			defaultConfigurationIsVisible = 0;
			defaultConfigurationName = Release;
		};
		FA51C86F28B64DBC00F7FD3E /* Build configuration list for PBXNativeTarget "CocoaPods" */ = {
			isa = XCConfigurationList;
			buildConfigurations = (
				FA51C87028B64DBC00F7FD3E /* Debug */,
				FA51C87128B64DBC00F7FD3E /* Release */,
			);
			defaultConfigurationIsVisible = 0;
			defaultConfigurationName = Release;
		};
/* End XCConfigurationList section */
	};
	rootObject = FA51C85328B64DAF00F7FD3E /* Project object */;
}
